
Microsoft Visual Studio Solution File, Format Version 12.00
# Visual Studio Version 17
VisualStudioVersion = 17.0.31903.59
MinimumVisualStudioVersion = 10.0.40219.1
Project("{FAE04EC0-301F-11D3-BF4B-00C04F79EFBC}") = "newsapp", "newsapp\newsapp.csproj", "{BD903629-53CF-49A2-AFFA-F21AB942122B}"
EndProject
Global
	GlobalSection(SolutionConfigurationPlatforms) = preSolution
		Debug|Any CPU = Debug|Any CPU
		Release|Any CPU = Release|Any CPU
	EndGlobalSection
	GlobalSection(ProjectConfigurationPlatforms) = postSolution
		{BD903629-53CF-49A2-AFFA-F21AB942122B}.Debug|Any CPU.ActiveCfg = Debug|Any CPU
		{BD903629-53CF-49A2-AFFA-F21AB942122B}.Debug|Any CPU.Build.0 = Debug|Any CPU
		{BD903629-53CF-49A2-AFFA-F21AB942122B}.Release|Any CPU.ActiveCfg = Release|Any CPU
		{BD903629-53CF-49A2-AFFA-F21AB942122B}.Release|Any CPU.Build.0 = Release|Any CPU
	EndGlobalSection
	GlobalSection(SolutionProperties) = preSolution
		HideSolutionNode = FALSE
	EndGlobalSection
	GlobalSection(ExtensibilityGlobals) = postSolution
		SolutionGuid = {CD4BB9D4-6FBB-4F05-9DB3-1036B40DC0D9}
	EndGlobalSection
EndGlobal
